hash: 15153fa0d117398f9fdeb687ba3d746630f310ac9a78ae941f02863da2a67f3b
updated: 2017-03-23T15:30:23.4414663+08:00
imports:
- name: github.com/go-ini/ini
  version: 1730955e3146956d6a087861380f9b4667ed5071
- name: github.com/gorilla/context
  version: 08b5f424b9271eedf6f9f0ce86cb9396ed337a42
- name: github.com/gorilla/mux
  version: 392c28fe23e1c45ddba891b0320b3b5df220beea
- name: github.com/gorilla/websocket
  version: 3ab3a8b8831546bd18fd182c20687ca853b2bb13
testImports: []
